<?xml version="1.0" encoding="utf-8"?>
<Project ToolsVersion="4.0" xmlns="http://schemas.microsoft.com/developer/msbuild/2003">
  <ItemGroup>
    <Filter Include="Shaders">
      <UniqueIdentifier>{385cef24-d61d-4d1a-9f42-4ae6b33ec7b7}</UniqueIdentifier>
    </Filter>
    <Filter Include="Interop">
      <UniqueIdentifier>{4744f7ea-e569-4fbe-97f0-0c931d92cec2}</UniqueIdentifier>
    </Filter>
    <Filter Include="Rendering">
      <UniqueIdentifier>{e014a834-296a-4403-bb29-ab1d1d0c7b81}</UniqueIdentifier>
    </Filter>
    <Filter Include="Core">
      <UniqueIdentifier>{d6fb4638-a319-4478-b851-bab5fca917a6}</UniqueIdentifier>
    </Filter>
    <Filter Include="Rendering\Bindables">
      <UniqueIdentifier>{bc7eae58-3cd2-4098-99e3-64d75f6310cb}</UniqueIdentifier>
    </Filter>
    <Filter Include="Rendering\Drawables">
      <UniqueIdentifier>{d598879d-5b40-450f-b94f-7da38d90144b}</UniqueIdentifier>
    </Filter>
  </ItemGroup>
  <ItemGroup>
    <ClInclude Include="FangEngine.h">
      <Filter>Interop</Filter>
    </ClInclude>
    <ClInclude Include="FangException.h">
      <Filter>Interop</Filter>
    </ClInclude>
    <ClInclude Include="IFangSubsystem.h">
      <Filter>Core</Filter>
    </ClInclude>
    <ClInclude Include="IFangDrawable.h">
      <Filter>Rendering</Filter>
    </ClInclude>
    <ClInclude Include="FangGraphics.h">
      <Filter>Rendering</Filter>
    </ClInclude>
    <ClInclude Include="Vertex.h">
      <Filter>Rendering</Filter>
    </ClInclude>
    <ClInclude Include="framework.h" />
    <ClInclude Include="pch.h" />
    <ClInclude Include="FangDev.h">
      <Filter>Core</Filter>
    </ClInclude>
    <ClInclude Include="Topology.h">
      <Filter>Rendering\Bindables</Filter>
    </ClInclude>
    <ClInclude Include="FangExceptionNative.h">
      <Filter>Core</Filter>
    </ClInclude>
    <ClInclude Include="IndexBuffer.h">
      <Filter>Rendering\Bindables</Filter>
    </ClInclude>
    <ClInclude Include="BufferBindable.h">
      <Filter>Rendering\Bindables</Filter>
    </ClInclude>
    <ClInclude Include="VertexBuffer.h">
      <Filter>Rendering\Bindables</Filter>
    </ClInclude>
    <ClInclude Include="VertexShader.h">
      <Filter>Rendering\Bindables</Filter>
    </ClInclude>
    <ClInclude Include="PixelShader.h">
      <Filter>Rendering\Bindables</Filter>
    </ClInclude>
    <ClInclude Include="InputLayout.h">
      <Filter>Rendering\Bindables</Filter>
    </ClInclude>
    <ClInclude Include="ConstantBuffers.h">
      <Filter>Rendering\Bindables</Filter>
    </ClInclude>
    <ClInclude Include="DrawableBase.h">
      <Filter>Rendering\Drawables</Filter>
    </ClInclude>
  </ItemGroup>
  <ItemGroup>
    <ClCompile Include="FangEngine.cpp">
      <Filter>Interop</Filter>
    </ClCompile>
    <ClCompile Include="FangGraphics.cpp">
      <Filter>Rendering</Filter>
    </ClCompile>
    <ClCompile Include="FangDev.cpp">
      <Filter>Core</Filter>
    </ClCompile>
    <ClCompile Include="pch.cpp" />
    <ClCompile Include="DrawableBase.cpp">
      <Filter>Rendering\Drawables</Filter>
    </ClCompile>
  </ItemGroup>
  <ItemGroup>
    <FxCompile Include="VertexShader.hlsl">
      <Filter>Shaders</Filter>
    </FxCompile>
    <FxCompile Include="PixelShader.hlsl">
      <Filter>Shaders</Filter>
    </FxCompile>
  </ItemGroup>
  <ItemGroup>
    <None Include="IFangBindable.h">
      <Filter>Rendering</Filter>
    </None>
  </ItemGroup>
</Project>